
Microsoft Visual Studio Solution File, Format Version 12.00
# Visual Studio 14
VisualStudioVersion = 14.0.24720.0
MinimumVisualStudioVersion = 10.0.40219.1
Project("{FAE04EC0-301F-11D3-BF4B-00C04F79EFBC}") = "telaLogin", "telaLogin\telaLogin.csproj", "{467FF884-59A9-4B62-A4F2-A5AA2A25646D}"
EndProject
Global
	GlobalSection(SolutionConfigurationPlatforms) = preSolution
		Debug|Any CPU = Debug|Any CPU
		Release|Any CPU = Release|Any CPU
	EndGlobalSection
	GlobalSection(ProjectConfigurationPlatforms) = postSolution
		{467FF884-59A9-4B62-A4F2-A5AA2A25646D}.Debug|Any CPU.ActiveCfg = Debug|Any CPU
		{467FF884-59A9-4B62-A4F2-A5AA2A25646D}.Debug|Any CPU.Build.0 = Debug|Any CPU
		{467FF884-59A9-4B62-A4F2-A5AA2A25646D}.Release|Any CPU.ActiveCfg = Release|Any CPU
		{467FF884-59A9-4B62-A4F2-A5AA2A25646D}.Release|Any CPU.Build.0 = Release|Any CPU
	EndGlobalSection
	GlobalSection(SolutionProperties) = preSolution
		HideSolutionNode = FALSE
	EndGlobalSection
EndGlobal
